
Microsoft Visual Studio Solution File, Format Version 12.00
# Visual Studio Version 17
VisualStudioVersion = 17.11.35327.3
MinimumVisualStudioVersion = 10.0.40219.1
Project("{FAE04EC0-301F-11D3-BF4B-00C04F79EFBC}") = "MiminiAdmin", "MiminiAdmin\MiminiAdmin.csproj", "{6BD490C0-B823-4FF8-A582-0B8D5CF89890}"
EndProject
Global
	GlobalSection(SolutionConfigurationPlatforms) = preSolution
		Debug|Any CPU = Debug|Any CPU
		Release|Any CPU = Release|Any CPU
	EndGlobalSection
	GlobalSection(ProjectConfigurationPlatforms) = postSolution
		{6BD490C0-B823-4FF8-A582-0B8D5CF89890}.Debug|Any CPU.ActiveCfg = Debug|Any CPU
		{6BD490C0-B823-4FF8-A582-0B8D5CF89890}.Debug|Any CPU.Build.0 = Debug|Any CPU
		{6BD490C0-B823-4FF8-A582-0B8D5CF89890}.Release|Any CPU.ActiveCfg = Release|Any CPU
		{6BD490C0-B823-4FF8-A582-0B8D5CF89890}.Release|Any CPU.Build.0 = Release|Any CPU
	EndGlobalSection
	GlobalSection(SolutionProperties) = preSolution
		HideSolutionNode = FALSE
	EndGlobalSection
	GlobalSection(ExtensibilityGlobals) = postSolution
		SolutionGuid = {CFCD62D3-D536-4E9E-B3B2-7033A8A10779}
	EndGlobalSection
EndGlobal
